// !$*UTF8*$!
{
	archiveVersion = 1;
	classes = {
	};
	objectVersion = 50;
	objects = {

/* Begin PBXBuildFile section */
		B798E3262616A90E002B8C2C /* SiriWave2Shape.swift in Sources */ = {isa = PBXBuildFile; fileRef = B798E3252616A90E002B8C2C /* SiriWave2Shape.swift */; };
		B7A6946A26131643004AE108 /* SiriWaveApp.swift in Sources */ = {isa = PBXBuildFile; fileRef = B7A6946926131643004AE108 /* SiriWaveApp.swift */; };
		B7A6946C26131643004AE108 /* Wave2View.swift in Sources */ = {isa = PBXBuildFile; fileRef = B7A6946B26131643004AE108 /* Wave2View.swift */; };
		B7A6946E26131644004AE108 /* Assets.xcassets in Resources */ = {isa = PBXBuildFile; fileRef = B7A6946D26131644004AE108 /* Assets.xcassets */; };
		B7A6947126131644004AE108 /* Preview Assets.xcassets in Resources */ = {isa = PBXBuildFile; fileRef = B7A6947026131644004AE108 /* Preview Assets.xcassets */; };
		B7A6947E26131BE2004AE108 /* Wave2Data.swift in Sources */ = {isa = PBXBuildFile; fileRef = B7A6947D26131BE2004AE108 /* Wave2Data.swift */; };
		B7A6948626131CAC004AE108 /* SiriWave2.swift in Sources */ = {isa = PBXBuildFile; fileRef = B7A6948526131CAC004AE108 /* SiriWave2.swift */; };
		B7A6948926131CE7004AE108 /* SiriWave2Path.swift in Sources */ = {isa = PBXBuildFile; fileRef = B7A6948826131CE7004AE108 /* SiriWave2Path.swift */; };
		B7C103DE2625625300169893 /* Wave3View.swift in Sources */ = {isa = PBXBuildFile; fileRef = B7C103DD2625625300169893 /* Wave3View.swift */; };
		B7C705AC261530140035B25D /* Logger.swift in Sources */ = {isa = PBXBuildFile; fileRef = B7C705AA261530140035B25D /* Logger.swift */; };
		B7C705AD261530140035B25D /* LogType.swift in Sources */ = {isa = PBXBuildFile; fileRef = B7C705AB261530140035B25D /* LogType.swift */; };
		B7C97185261AF3EC0042E22D /* WaveView.swift in Sources */ = {isa = PBXBuildFile; fileRef = B7C97184261AF3EC0042E22D /* WaveView.swift */; };
		B7C97188261AF42A0042E22D /* WaveData.swift in Sources */ = {isa = PBXBuildFile; fileRef = B7C97187261AF42A0042E22D /* WaveData.swift */; };
		B7C9718C261AF48E0042E22D /* Curve.swift in Sources */ = {isa = PBXBuildFile; fileRef = B7C9718B261AF48E0042E22D /* Curve.swift */; };
		B7C97190261AF5FD0042E22D /* Wave.swift in Sources */ = {isa = PBXBuildFile; fileRef = B7C9718F261AF5FD0042E22D /* Wave.swift */; };
		B7C971A4261B048C0042E22D /* WaveShape.swift in Sources */ = {isa = PBXBuildFile; fileRef = B7C971A3261B048C0042E22D /* WaveShape.swift */; };
		B7C971C0261B37700042E22D /* HomeView.swift in Sources */ = {isa = PBXBuildFile; fileRef = B7C971BF261B37700042E22D /* HomeView.swift */; };
		B7DD42D2262589CC00C55CFA /* Wave3Shape.swift in Sources */ = {isa = PBXBuildFile; fileRef = B7DD42D1262589CC00C55CFA /* Wave3Shape.swift */; };
		B7DD42D5262589F700C55CFA /* Wave3.swift in Sources */ = {isa = PBXBuildFile; fileRef = B7DD42D4262589F700C55CFA /* Wave3.swift */; };
		B7E85B98261401DB00F31B73 /* CubicCurveControls.swift in Sources */ = {isa = PBXBuildFile; fileRef = B7E85B97261401DB00F31B73 /* CubicCurveControls.swift */; };
/* End PBXBuildFile section */

/* Begin PBXFileReference section */
		B798E3252616A90E002B8C2C /* SiriWave2Shape.swift */ = {isa = PBXFileReference; fileEncoding = 4; lastKnownFileType = sourcecode.swift; path = SiriWave2Shape.swift; sourceTree = "<group>"; };
		B7A6946626131643004AE108 /* SiriWave.app */ = {isa = PBXFileReference; explicitFileType = wrapper.application; includeInIndex = 0; path = SiriWave.app; sourceTree = BUILT_PRODUCTS_DIR; };
		B7A6946926131643004AE108 /* SiriWaveApp.swift */ = {isa = PBXFileReference; lastKnownFileType = sourcecode.swift; path = SiriWaveApp.swift; sourceTree = "<group>"; };
		B7A6946B26131643004AE108 /* Wave2View.swift */ = {isa = PBXFileReference; lastKnownFileType = sourcecode.swift; path = Wave2View.swift; sourceTree = "<group>"; };
		B7A6946D26131644004AE108 /* Assets.xcassets */ = {isa = PBXFileReference; lastKnownFileType = folder.assetcatalog; path = Assets.xcassets; sourceTree = "<group>"; };
		B7A6947026131644004AE108 /* Preview Assets.xcassets */ = {isa = PBXFileReference; lastKnownFileType = folder.assetcatalog; path = "Preview Assets.xcassets"; sourceTree = "<group>"; };
		B7A6947226131644004AE108 /* Info.plist */ = {isa = PBXFileReference; lastKnownFileType = text.plist.xml; path = Info.plist; sourceTree = "<group>"; };
		B7A6947D26131BE2004AE108 /* Wave2Data.swift */ = {isa = PBXFileReference; lastKnownFileType = sourcecode.swift; path = Wave2Data.swift; sourceTree = "<group>"; };
		B7A6948526131CAC004AE108 /* SiriWave2.swift */ = {isa = PBXFileReference; lastKnownFileType = sourcecode.swift; path = SiriWave2.swift; sourceTree = "<group>"; };
		B7A6948826131CE7004AE108 /* SiriWave2Path.swift */ = {isa = PBXFileReference; lastKnownFileType = sourcecode.swift; path = SiriWave2Path.swift; sourceTree = "<group>"; };
		B7C103DD2625625300169893 /* Wave3View.swift */ = {isa = PBXFileReference; lastKnownFileType = sourcecode.swift; path = Wave3View.swift; sourceTree = "<group>"; };
		B7C705AA261530140035B25D /* Logger.swift */ = {isa = PBXFileReference; fileEncoding = 4; lastKnownFileType = sourcecode.swift; path = Logger.swift; sourceTree = "<group>"; };
		B7C705AB261530140035B25D /* LogType.swift */ = {isa = PBXFileReference; fileEncoding = 4; lastKnownFileType = sourcecode.swift; path = LogType.swift; sourceTree = "<group>"; };
		B7C97184261AF3EC0042E22D /* WaveView.swift */ = {isa = PBXFileReference; lastKnownFileType = sourcecode.swift; path = WaveView.swift; sourceTree = "<group>"; };
		B7C97187261AF42A0042E22D /* WaveData.swift */ = {isa = PBXFileReference; lastKnownFileType = sourcecode.swift; path = WaveData.swift; sourceTree = "<group>"; };
		B7C9718B261AF48E0042E22D /* Curve.swift */ = {isa = PBXFileReference; lastKnownFileType = sourcecode.swift; path = Curve.swift; sourceTree = "<group>"; };
		B7C9718F261AF5FD0042E22D /* Wave.swift */ = {isa = PBXFileReference; lastKnownFileType = sourcecode.swift; path = Wave.swift; sourceTree = "<group>"; };
		B7C971A3261B048C0042E22D /* WaveShape.swift */ = {isa = PBXFileReference; lastKnownFileType = sourcecode.swift; path = WaveShape.swift; sourceTree = "<group>"; };
		B7C971BF261B37700042E22D /* HomeView.swift */ = {isa = PBXFileReference; lastKnownFileType = sourcecode.swift; path = HomeView.swift; sourceTree = "<group>"; };
		B7DD42D1262589CC00C55CFA /* Wave3Shape.swift */ = {isa = PBXFileReference; lastKnownFileType = sourcecode.swift; path = Wave3Shape.swift; sourceTree = "<group>"; };
		B7DD42D4262589F700C55CFA /* Wave3.swift */ = {isa = PBXFileReference; lastKnownFileType = sourcecode.swift; path = Wave3.swift; sourceTree = "<group>"; };
		B7E85B97261401DB00F31B73 /* CubicCurveControls.swift */ = {isa = PBXFileReference; lastKnownFileType = sourcecode.swift; path = CubicCurveControls.swift; sourceTree = "<group>"; };
/* End PBXFileReference section */

/* Begin PBXFrameworksBuildPhase section */
		B7A6946326131643004AE108 /* Frameworks */ = {
			isa = PBXFrameworksBuildPhase;
			buildActionMask = 2147483647;
			files = (
			);
			runOnlyForDeploymentPostprocessing = 0;
		};
/* End PBXFrameworksBuildPhase section */

/* Begin PBXGroup section */
		B726E0312617027A00C58BBF /* View */ = {
			isa = PBXGroup;
			children = (
				B798E3252616A90E002B8C2C /* SiriWave2Shape.swift */,
			);
			name = View;
			sourceTree = "<group>";
		};
		B7A6945D26131643004AE108 = {
			isa = PBXGroup;
			children = (
				B7A6946826131643004AE108 /* SiriWave */,
				B7A6946726131643004AE108 /* Products */,
			);
			sourceTree = "<group>";
		};
		B7A6946726131643004AE108 /* Products */ = {
			isa = PBXGroup;
			children = (
				B7A6946626131643004AE108 /* SiriWave.app */,
			);
			name = Products;
			sourceTree = "<group>";
		};
		B7A6946826131643004AE108 /* SiriWave */ = {
			isa = PBXGroup;
			children = (
				B7A6946926131643004AE108 /* SiriWaveApp.swift */,
				B7C971BE261B37600042E22D /* Home */,
				B7C97180261AF3840042E22D /* Wave */,
				B7A6947B26131BD1004AE108 /* Wave2 */,
				B7C103DC2625623800169893 /* Wave3 */,
				B7C705A8261530050035B25D /* Util */,
				B7A6946D26131644004AE108 /* Assets.xcassets */,
				B7A6947226131644004AE108 /* Info.plist */,
				B7A6946F26131644004AE108 /* Preview Content */,
			);
			path = SiriWave;
			sourceTree = "<group>";
		};
		B7A6946F26131644004AE108 /* Preview Content */ = {
			isa = PBXGroup;
			children = (
				B7A6947026131644004AE108 /* Preview Assets.xcassets */,
			);
			path = "Preview Content";
			sourceTree = "<group>";
		};
		B7A6947B26131BD1004AE108 /* Wave2 */ = {
			isa = PBXGroup;
			children = (
				B7A6946B26131643004AE108 /* Wave2View.swift */,
				B7A6947D26131BE2004AE108 /* Wave2Data.swift */,
				B726E0312617027A00C58BBF /* View */,
				B7A6947C26131BD7004AE108 /* Model */,
			);
			path = Wave2;
			sourceTree = "<group>";
		};
		B7A6947C26131BD7004AE108 /* Model */ = {
			isa = PBXGroup;
			children = (
				B7A6948526131CAC004AE108 /* SiriWave2.swift */,
				B7A6948826131CE7004AE108 /* SiriWave2Path.swift */,
				B7E85B97261401DB00F31B73 /* CubicCurveControls.swift */,
			);
			name = Model;
			sourceTree = "<group>";
		};
		B7C103DC2625623800169893 /* Wave3 */ = {
			isa = PBXGroup;
			children = (
				B7C103DD2625625300169893 /* Wave3View.swift */,
				B7DD42D0262589BE00C55CFA /* View */,
				B7DD42CF262589AF00C55CFA /* Model */,
			);
			path = Wave3;
			sourceTree = "<group>";
		};
		B7C705A8261530050035B25D /* Util */ = {
			isa = PBXGroup;
			children = (
				B7C705A9261530140035B25D /* Logger */,
			);
			path = Util;
			sourceTree = "<group>";
		};
		B7C705A9261530140035B25D /* Logger */ = {
			isa = PBXGroup;
			children = (
				B7C705AA261530140035B25D /* Logger.swift */,
				B7C705AB261530140035B25D /* LogType.swift */,
			);
			path = Logger;
			sourceTree = "<group>";
		};
		B7C97180261AF3840042E22D /* Wave */ = {
			isa = PBXGroup;
			children = (
				B7C97184261AF3EC0042E22D /* WaveView.swift */,
				B7C97187261AF42A0042E22D /* WaveData.swift */,
				B7C971A2261B047B0042E22D /* View */,
				B7C9718A261AF4760042E22D /* Model */,
			);
			path = Wave;
			sourceTree = "<group>";
		};
		B7C9718A261AF4760042E22D /* Model */ = {
			isa = PBXGroup;
			children = (
				B7C9718F261AF5FD0042E22D /* Wave.swift */,
				B7C9718B261AF48E0042E22D /* Curve.swift */,
			);
			path = Model;
			sourceTree = "<group>";
		};
		B7C971A2261B047B0042E22D /* View */ = {
			isa = PBXGroup;
			children = (
				B7C971A3261B048C0042E22D /* WaveShape.swift */,
			);
			path = View;
			sourceTree = "<group>";
		};
		B7C971BE261B37600042E22D /* Home */ = {
			isa = PBXGroup;
			children = (
				B7C971BF261B37700042E22D /* HomeView.swift */,
			);
			path = Home;
			sourceTree = "<group>";
		};
		B7DD42CF262589AF00C55CFA /* Model */ = {
			isa = PBXGroup;
			children = (
				B7DD42D4262589F700C55CFA /* Wave3.swift */,
			);
			path = Model;
			sourceTree = "<group>";
		};
		B7DD42D0262589BE00C55CFA /* View */ = {
			isa = PBXGroup;
			children = (
				B7DD42D1262589CC00C55CFA /* Wave3Shape.swift */,
			);
			path = View;
			sourceTree = "<group>";
		};
/* End PBXGroup section */

/* Begin PBXNativeTarget section */
		B7A6946526131643004AE108 /* SiriWave */ = {
			isa = PBXNativeTarget;
			buildConfigurationList = B7A6947526131644004AE108 /* Build configuration list for PBXNativeTarget "SiriWave" */;
			buildPhases = (
				B7A6946226131643004AE108 /* Sources */,
				B7A6946326131643004AE108 /* Frameworks */,
				B7A6946426131643004AE108 /* Resources */,
			);
			buildRules = (
			);
			dependencies = (
			);
			name = SiriWave;
			productName = SiriWave;
			productReference = B7A6946626131643004AE108 /* SiriWave.app */;
			productType = "com.apple.product-type.application";
		};
/* End PBXNativeTarget section */

/* Begin PBXProject section */
		B7A6945E26131643004AE108 /* Project object */ = {
			isa = PBXProject;
			attributes = {
				LastSwiftUpdateCheck = 1240;
				LastUpgradeCheck = 1240;
				TargetAttributes = {
					B7A6946526131643004AE108 = {
						CreatedOnToolsVersion = 12.4;
					};
				};
			};
			buildConfigurationList = B7A6946126131643004AE108 /* Build configuration list for PBXProject "SiriWave" */;
			compatibilityVersion = "Xcode 9.3";
			developmentRegion = en;
			hasScannedForEncodings = 0;
			knownRegions = (
				en,
				Base,
			);
			mainGroup = B7A6945D26131643004AE108;
			productRefGroup = B7A6946726131643004AE108 /* Products */;
			projectDirPath = "";
			projectRoot = "";
			targets = (
				B7A6946526131643004AE108 /* SiriWave */,
			);
		};
/* End PBXProject section */

/* Begin PBXResourcesBuildPhase section */
		B7A6946426131643004AE108 /* Resources */ = {
			isa = PBXResourcesBuildPhase;
			buildActionMask = 2147483647;
			files = (
				B7A6947126131644004AE108 /* Preview Assets.xcassets in Resources */,
				B7A6946E26131644004AE108 /* Assets.xcassets in Resources */,
			);
			runOnlyForDeploymentPostprocessing = 0;
		};
/* End PBXResourcesBuildPhase section */

/* Begin PBXSourcesBuildPhase section */
		B7A6946226131643004AE108 /* Sources */ = {
			isa = PBXSourcesBuildPhase;
			buildActionMask = 2147483647;
			files = (
				B7A6948926131CE7004AE108 /* SiriWave2Path.swift in Sources */,
				B7C97185261AF3EC0042E22D /* WaveView.swift in Sources */,
				B7A6947E26131BE2004AE108 /* Wave2Data.swift in Sources */,
				B7C971C0261B37700042E22D /* HomeView.swift in Sources */,
				B7A6946C26131643004AE108 /* Wave2View.swift in Sources */,
				B7A6948626131CAC004AE108 /* SiriWave2.swift in Sources */,
				B7DD42D5262589F700C55CFA /* Wave3.swift in Sources */,
				B7C97188261AF42A0042E22D /* WaveData.swift in Sources */,
				B7C971A4261B048C0042E22D /* WaveShape.swift in Sources */,
				B798E3262616A90E002B8C2C /* SiriWave2Shape.swift in Sources */,
				B7C9718C261AF48E0042E22D /* Curve.swift in Sources */,
				B7C705AD261530140035B25D /* LogType.swift in Sources */,
				B7C103DE2625625300169893 /* Wave3View.swift in Sources */,
				B7DD42D2262589CC00C55CFA /* Wave3Shape.swift in Sources */,
				B7C97190261AF5FD0042E22D /* Wave.swift in Sources */,
				B7C705AC261530140035B25D /* Logger.swift in Sources */,
				B7E85B98261401DB00F31B73 /* CubicCurveControls.swift in Sources */,
				B7A6946A26131643004AE108 /* SiriWaveApp.swift in Sources */,
			);
			runOnlyForDeploymentPostprocessing = 0;
		};
/* End PBXSourcesBuildPhase section */

/* Begin XCBuildConfiguration section */
		B7A6947326131644004AE108 /* Debug */ = {
			isa = XCBuildConfiguration;
			buildSettings = {
				ALWAYS_SEARCH_USER_PATHS = NO;
				CLANG_ANALYZER_NONNULL = YES;
				CLANG_ANALYZER_NUMBER_OBJECT_CONVERSION = YES_AGGRESSIVE;
				CLANG_CXX_LANGUAGE_STANDARD = "gnu++14";
				CLANG_CXX_LIBRARY = "libc++";
				CLANG_ENABLE_MODULES = YES;
				CLANG_ENABLE_OBJC_ARC = YES;
				CLANG_ENABLE_OBJC_WEAK = YES;
				CLANG_WARN_BLOCK_CAPTURE_AUTORELEASING = YES;
				CLANG_WARN_BOOL_CONVERSION = YES;
				CLANG_WARN_COMMA = YES;
				CLANG_WARN_CONSTANT_CONVERSION = YES;
				CLANG_WARN_DEPRECATED_OBJC_IMPLEMENTATIONS = YES;
				CLANG_WARN_DIRECT_OBJC_ISA_USAGE = YES_ERROR;
				CLANG_WARN_DOCUMENTATION_COMMENTS = YES;
				CLANG_WARN_EMPTY_BODY = YES;
				CLANG_WARN_ENUM_CONVERSION = YES;
				CLANG_WARN_INFINITE_RECURSION = YES;
				CLANG_WARN_INT_CONVERSION = YES;
				CLANG_WARN_NON_LITERAL_NULL_CONVERSION = YES;
				CLANG_WARN_OBJC_IMPLICIT_RETAIN_SELF = YES;
				CLANG_WARN_OBJC_LITERAL_CONVERSION = YES;
				CLANG_WARN_OBJC_ROOT_CLASS = YES_ERROR;
				CLANG_WARN_QUOTED_INCLUDE_IN_FRAMEWORK_HEADER = YES;
				CLANG_WARN_RANGE_LOOP_ANALYSIS = YES;
				CLANG_WARN_STRICT_PROTOTYPES = YES;
				CLANG_WARN_SUSPICIOUS_MOVE = YES;
				CLANG_WARN_UNGUARDED_AVAILABILITY = YES_AGGRESSIVE;
				CLANG_WARN_UNREACHABLE_CODE = YES;
				CLANG_WARN__DUPLICATE_METHOD_MATCH = YES;
				COPY_PHASE_STRIP = NO;
				DEBUG_INFORMATION_FORMAT = dwarf;
				ENABLE_STRICT_OBJC_MSGSEND = YES;
				ENABLE_TESTABILITY = YES;
				GCC_C_LANGUAGE_STANDARD = gnu11;
				GCC_DYNAMIC_NO_PIC = NO;
				GCC_NO_COMMON_BLOCKS = YES;
				GCC_OPTIMIZATION_LEVEL = 0;
				GCC_PREPROCESSOR_DEFINITIONS = (
					"DEBUG=1",
					"$(inherited)",
				);
				GCC_WARN_64_TO_32_BIT_CONVERSION = YES;
				GCC_WARN_ABOUT_RETURN_TYPE = YES_ERROR;
				GCC_WARN_UNDECLARED_SELECTOR = YES;
				GCC_WARN_UNINITIALIZED_AUTOS = YES_AGGRESSIVE;
				GCC_WARN_UNUSED_FUNCTION = YES;
				GCC_WARN_UNUSED_VARIABLE = YES;
				IPHONEOS_DEPLOYMENT_TARGET = 14.4;
				MTL_ENABLE_DEBUG_INFO = INCLUDE_SOURCE;
				MTL_FAST_MATH = YES;
				ONLY_ACTIVE_ARCH = YES;
				SDKROOT = iphoneos;
				SWIFT_ACTIVE_COMPILATION_CONDITIONS = DEBUG;
				SWIFT_OPTIMIZATION_LEVEL = "-Onone";
			};
			name = Debug;
		};
		B7A6947426131644004AE108 /* Release */ = {
			isa = XCBuildConfiguration;
			buildSettings = {
				ALWAYS_SEARCH_USER_PATHS = NO;
				CLANG_ANALYZER_NONNULL = YES;
				CLANG_ANALYZER_NUMBER_OBJECT_CONVERSION = YES_AGGRESSIVE;
				CLANG_CXX_LANGUAGE_STANDARD = "gnu++14";
				CLANG_CXX_LIBRARY = "libc++";
				CLANG_ENABLE_MODULES = YES;
				CLANG_ENABLE_OBJC_ARC = YES;
				CLANG_ENABLE_OBJC_WEAK = YES;
				CLANG_WARN_BLOCK_CAPTURE_AUTORELEASING = YES;
				CLANG_WARN_BOOL_CONVERSION = YES;
				CLANG_WARN_COMMA = YES;
				CLANG_WARN_CONSTANT_CONVERSION = YES;
				CLANG_WARN_DEPRECATED_OBJC_IMPLEMENTATIONS = YES;
				CLANG_WARN_DIRECT_OBJC_ISA_USAGE = YES_ERROR;
				CLANG_WARN_DOCUMENTATION_COMMENTS = YES;
				CLANG_WARN_EMPTY_BODY = YES;
				CLANG_WARN_ENUM_CONVERSION = YES;
				CLANG_WARN_INFINITE_RECURSION = YES;
				CLANG_WARN_INT_CONVERSION = YES;
				CLANG_WARN_NON_LITERAL_NULL_CONVERSION = YES;
				CLANG_WARN_OBJC_IMPLICIT_RETAIN_SELF = YES;
				CLANG_WARN_OBJC_LITERAL_CONVERSION = YES;
				CLANG_WARN_OBJC_ROOT_CLASS = YES_ERROR;
				CLANG_WARN_QUOTED_INCLUDE_IN_FRAMEWORK_HEADER = YES;
				CLANG_WARN_RANGE_LOOP_ANALYSIS = YES;
				CLANG_WARN_STRICT_PROTOTYPES = YES;
				CLANG_WARN_SUSPICIOUS_MOVE = YES;
				CLANG_WARN_UNGUARDED_AVAILABILITY = YES_AGGRESSIVE;
				CLANG_WARN_UNREACHABLE_CODE = YES;
				CLANG_WARN__DUPLICATE_METHOD_MATCH = YES;
				COPY_PHASE_STRIP = NO;
				DEBUG_INFORMATION_FORMAT = "dwarf-with-dsym";
				ENABLE_NS_ASSERTIONS = NO;
				ENABLE_STRICT_OBJC_MSGSEND = YES;
				GCC_C_LANGUAGE_STANDARD = gnu11;
				GCC_NO_COMMON_BLOCKS = YES;
				GCC_WARN_64_TO_32_BIT_CONVERSION = YES;
				GCC_WARN_ABOUT_RETURN_TYPE = YES_ERROR;
				GCC_WARN_UNDECLARED_SELECTOR = YES;
				GCC_WARN_UNINITIALIZED_AUTOS = YES_AGGRESSIVE;
				GCC_WARN_UNUSED_FUNCTION = YES;
				GCC_WARN_UNUSED_VARIABLE = YES;
				IPHONEOS_DEPLOYMENT_TARGET = 14.4;
				MTL_ENABLE_DEBUG_INFO = NO;
				MTL_FAST_MATH = YES;
				SDKROOT = iphoneos;
				SWIFT_COMPILATION_MODE = wholemodule;
				SWIFT_OPTIMIZATION_LEVEL = "-O";
				VALIDATE_PRODUCT = YES;
			};
			name = Release;
		};
		B7A6947626131644004AE108 /* Debug */ = {
			isa = XCBuildConfiguration;
			buildSettings = {
				ASSETCATALOG_COMPILER_APPICON_NAME = AppIcon;
				ASSETCATALOG_COMPILER_GLOBAL_ACCENT_COLOR_NAME = AccentColor;
				CODE_SIGN_STYLE = Automatic;
				CURRENT_PROJECT_VERSION = 0;
				DEVELOPMENT_ASSET_PATHS = "\"SiriWave/Preview Content\"";
				DEVELOPMENT_TEAM = C75HZNC664;
				ENABLE_PREVIEWS = YES;
				INFOPLIST_FILE = SiriWave/Info.plist;
				IPHONEOS_DEPLOYMENT_TARGET = 14.0;
				LD_RUNPATH_SEARCH_PATHS = (
					"$(inherited)",
					"@executable_path/Frameworks",
				);
				MARKETING_VERSION = 1.0.0;
				PRODUCT_BUNDLE_IDENTIFIER = com.nilotic.SiriWave;
				PRODUCT_NAME = "$(TARGET_NAME)";
				SWIFT_VERSION = 5.0;
				TARGETED_DEVICE_FAMILY = "1,2";
			};
			name = Debug;
		};
		B7A6947726131644004AE108 /* Release */ = {
			isa = XCBuildConfiguration;
			buildSettings = {
				ASSETCATALOG_COMPILER_APPICON_NAME = AppIcon;
				ASSETCATALOG_COMPILER_GLOBAL_ACCENT_COLOR_NAME = AccentColor;
				CODE_SIGN_STYLE = Automatic;
				CURRENT_PROJECT_VERSION = 0;
				DEVELOPMENT_ASSET_PATHS = "\"SiriWave/Preview Content\"";
				DEVELOPMENT_TEAM = C75HZNC664;
				ENABLE_PREVIEWS = YES;
				INFOPLIST_FILE = SiriWave/Info.plist;
				IPHONEOS_DEPLOYMENT_TARGET = 14.0;
				LD_RUNPATH_SEARCH_PATHS = (
					"$(inherited)",
					"@executable_path/Frameworks",
				);
				MARKETING_VERSION = 1.0.0;
				PRODUCT_BUNDLE_IDENTIFIER = com.nilotic.SiriWave;
				PRODUCT_NAME = "$(TARGET_NAME)";
				SWIFT_VERSION = 5.0;
				TARGETED_DEVICE_FAMILY = "1,2";
			};
			name = Release;
		};
/* End XCBuildConfiguration section */

/* Begin XCConfigurationList section */
		B7A6946126131643004AE108 /* Build configuration list for PBXProject "SiriWave" */ = {
			isa = XCConfigurationList;
			buildConfigurations = (
				B7A6947326131644004AE108 /* Debug */,
				B7A6947426131644004AE108 /* Release */,
			);
			defaultConfigurationIsVisible = 0;
			defaultConfigurationName = Release;
		};
		B7A6947526131644004AE108 /* Build configuration list for PBXNativeTarget "SiriWave" */ = {
			isa = XCConfigurationList;
			buildConfigurations = (
				B7A6947626131644004AE108 /* Debug */,
				B7A6947726131644004AE108 /* Release */,
			);
			defaultConfigurationIsVisible = 0;
			defaultConfigurationName = Release;
		};
/* End XCConfigurationList section */
	};
	rootObject = B7A6945E26131643004AE108 /* Project object */;
}
